// !$*UTF8*$!
{
	archiveVersion = 1;
	classes = {
	};
	objectVersion = 56;
	objects = {

/* Begin PBXBuildFile section */
		B4ACC0AE29F139D800013A95 /* AppDelegate.swift in Sources */ = {isa = PBXBuildFile; fileRef = B4ACC0AD29F139D800013A95 /* AppDelegate.swift */; };
		B4ACC0B029F139D800013A95 /* SceneDelegate.swift in Sources */ = {isa = PBXBuildFile; fileRef = B4ACC0AF29F139D800013A95 /* SceneDelegate.swift */; };
		B4ACC0B229F139D800013A95 /* ViewController.swift in Sources */ = {isa = PBXBuildFile; fileRef = B4ACC0B129F139D800013A95 /* ViewController.swift */; };
		B4ACC0B529F139D800013A95 /* Main.storyboard in Resources */ = {isa = PBXBuildFile; fileRef = B4ACC0B329F139D800013A95 /* Main.storyboard */; };
		B4ACC0B729F139D900013A95 /* Assets.xcassets in Resources */ = {isa = PBXBuildFile; fileRef = B4ACC0B629F139D900013A95 /* Assets.xcassets */; };
		B4ACC0BA29F139D900013A95 /* LaunchScreen.storyboard in Resources */ = {isa = PBXBuildFile; fileRef = B4ACC0B829F139D900013A95 /* LaunchScreen.storyboard */; };
		B4ACC0C529F139D900013A95 /* FloatingMenuWithStackTests.swift in Sources */ = {isa = PBXBuildFile; fileRef = B4ACC0C429F139D900013A95 /* FloatingMenuWithStackTests.swift */; };
		B4ACC0CF29F139D900013A95 /* FloatingMenuWithStackUITests.swift in Sources */ = {isa = PBXBuildFile; fileRef = B4ACC0CE29F139D900013A95 /* FloatingMenuWithStackUITests.swift */; };
		B4ACC0D129F139D900013A95 /* FloatingMenuWithStackUITestsLaunchTests.swift in Sources */ = {isa = PBXBuildFile; fileRef = B4ACC0D029F139D900013A95 /* FloatingMenuWithStackUITestsLaunchTests.swift */; };
		B4ACC0E429F13A0900013A95 /* FABView.swift in Sources */ = {isa = PBXBuildFile; fileRef = B4ACC0DE29F13A0800013A95 /* FABView.swift */; };
		B4ACC0E529F13A0900013A95 /* FABSecondaryButton.swift in Sources */ = {isa = PBXBuildFile; fileRef = B4ACC0DF29F13A0800013A95 /* FABSecondaryButton.swift */; };
		B4ACC0E629F13A0900013A95 /* FABStackView.swift in Sources */ = {isa = PBXBuildFile; fileRef = B4ACC0E029F13A0800013A95 /* FABStackView.swift */; };
		B4ACC0E729F13A0900013A95 /* FABInsetLabel.swift in Sources */ = {isa = PBXBuildFile; fileRef = B4ACC0E129F13A0800013A95 /* FABInsetLabel.swift */; };
		B4ACC0E829F13A0900013A95 /* FABButton.swift in Sources */ = {isa = PBXBuildFile; fileRef = B4ACC0E229F13A0800013A95 /* FABButton.swift */; };
		B4ACC0E929F13A0900013A95 /* FABMainButton.swift in Sources */ = {isa = PBXBuildFile; fileRef = B4ACC0E329F13A0800013A95 /* FABMainButton.swift */; };
/* End PBXBuildFile section */

/* Begin PBXContainerItemProxy section */
		B4ACC0C129F139D900013A95 /* PBXContainerItemProxy */ = {
			isa = PBXContainerItemProxy;
			containerPortal = B4ACC0A229F139D800013A95 /* Project object */;
			proxyType = 1;
			remoteGlobalIDString = B4ACC0A929F139D800013A95;
			remoteInfo = FloatingMenuWithStack;
		};
		B4ACC0CB29F139D900013A95 /* PBXContainerItemProxy */ = {
			isa = PBXContainerItemProxy;
			containerPortal = B4ACC0A229F139D800013A95 /* Project object */;
			proxyType = 1;
			remoteGlobalIDString = B4ACC0A929F139D800013A95;
			remoteInfo = FloatingMenuWithStack;
		};
/* End PBXContainerItemProxy section */

/* Begin PBXFileReference section */
		B4ACC0AA29F139D800013A95 /* FloatingMenuWithStack.app */ = {isa = PBXFileReference; explicitFileType = wrapper.application; includeInIndex = 0; path = FloatingMenuWithStack.app; sourceTree = BUILT_PRODUCTS_DIR; };
		B4ACC0AD29F139D800013A95 /* AppDelegate.swift */ = {isa = PBXFileReference; lastKnownFileType = sourcecode.swift; path = AppDelegate.swift; sourceTree = "<group>"; };
		B4ACC0AF29F139D800013A95 /* SceneDelegate.swift */ = {isa = PBXFileReference; lastKnownFileType = sourcecode.swift; path = SceneDelegate.swift; sourceTree = "<group>"; };
		B4ACC0B129F139D800013A95 /* ViewController.swift */ = {isa = PBXFileReference; lastKnownFileType = sourcecode.swift; path = ViewController.swift; sourceTree = "<group>"; };
		B4ACC0B429F139D800013A95 /* Base */ = {isa = PBXFileReference; lastKnownFileType = file.storyboard; name = Base; path = Base.lproj/Main.storyboard; sourceTree = "<group>"; };
		B4ACC0B629F139D900013A95 /* Assets.xcassets */ = {isa = PBXFileReference; lastKnownFileType = folder.assetcatalog; path = Assets.xcassets; sourceTree = "<group>"; };
		B4ACC0B929F139D900013A95 /* Base */ = {isa = PBXFileReference; lastKnownFileType = file.storyboard; name = Base; path = Base.lproj/LaunchScreen.storyboard; sourceTree = "<group>"; };
		B4ACC0BB29F139D900013A95 /* Info.plist */ = {isa = PBXFileReference; lastKnownFileType = text.plist.xml; path = Info.plist; sourceTree = "<group>"; };
		B4ACC0C029F139D900013A95 /* FloatingMenuWithStackTests.xctest */ = {isa = PBXFileReference; explicitFileType = wrapper.cfbundle; includeInIndex = 0; path = FloatingMenuWithStackTests.xctest; sourceTree = BUILT_PRODUCTS_DIR; };
		B4ACC0C429F139D900013A95 /* FloatingMenuWithStackTests.swift */ = {isa = PBXFileReference; lastKnownFileType = sourcecode.swift; path = FloatingMenuWithStackTests.swift; sourceTree = "<group>"; };
		B4ACC0CA29F139D900013A95 /* FloatingMenuWithStackUITests.xctest */ = {isa = PBXFileReference; explicitFileType = wrapper.cfbundle; includeInIndex = 0; path = FloatingMenuWithStackUITests.xctest; sourceTree = BUILT_PRODUCTS_DIR; };
		B4ACC0CE29F139D900013A95 /* FloatingMenuWithStackUITests.swift */ = {isa = PBXFileReference; lastKnownFileType = sourcecode.swift; path = FloatingMenuWithStackUITests.swift; sourceTree = "<group>"; };
		B4ACC0D029F139D900013A95 /* FloatingMenuWithStackUITestsLaunchTests.swift */ = {isa = PBXFileReference; lastKnownFileType = sourcecode.swift; path = FloatingMenuWithStackUITestsLaunchTests.swift; sourceTree = "<group>"; };
		B4ACC0DE29F13A0800013A95 /* FABView.swift */ = {isa = PBXFileReference; fileEncoding = 4; lastKnownFileType = sourcecode.swift; path = FABView.swift; sourceTree = "<group>"; };
		B4ACC0DF29F13A0800013A95 /* FABSecondaryButton.swift */ = {isa = PBXFileReference; fileEncoding = 4; lastKnownFileType = sourcecode.swift; path = FABSecondaryButton.swift; sourceTree = "<group>"; };
		B4ACC0E029F13A0800013A95 /* FABStackView.swift */ = {isa = PBXFileReference; fileEncoding = 4; lastKnownFileType = sourcecode.swift; path = FABStackView.swift; sourceTree = "<group>"; };
		B4ACC0E129F13A0800013A95 /* FABInsetLabel.swift */ = {isa = PBXFileReference; fileEncoding = 4; lastKnownFileType = sourcecode.swift; path = FABInsetLabel.swift; sourceTree = "<group>"; };
		B4ACC0E229F13A0800013A95 /* FABButton.swift */ = {isa = PBXFileReference; fileEncoding = 4; lastKnownFileType = sourcecode.swift; path = FABButton.swift; sourceTree = "<group>"; };
		B4ACC0E329F13A0800013A95 /* FABMainButton.swift */ = {isa = PBXFileReference; fileEncoding = 4; lastKnownFileType = sourcecode.swift; path = FABMainButton.swift; sourceTree = "<group>"; };
/* End PBXFileReference section */

/* Begin PBXFrameworksBuildPhase section */
		B4ACC0A729F139D800013A95 /* Frameworks */ = {
			isa = PBXFrameworksBuildPhase;
			buildActionMask = 2147483647;
			files = (
			);
			runOnlyForDeploymentPostprocessing = 0;
		};
		B4ACC0BD29F139D900013A95 /* Frameworks */ = {
			isa = PBXFrameworksBuildPhase;
			buildActionMask = 2147483647;
			files = (
			);
			runOnlyForDeploymentPostprocessing = 0;
		};
		B4ACC0C729F139D900013A95 /* Frameworks */ = {
			isa = PBXFrameworksBuildPhase;
			buildActionMask = 2147483647;
			files = (
			);
			runOnlyForDeploymentPostprocessing = 0;
		};
/* End PBXFrameworksBuildPhase section */

/* Begin PBXGroup section */
		B4ACC0A129F139D800013A95 = {
			isa = PBXGroup;
			children = (
				B4ACC0AC29F139D800013A95 /* FloatingMenuWithStack */,
				B4ACC0C329F139D900013A95 /* FloatingMenuWithStackTests */,
				B4ACC0CD29F139D900013A95 /* FloatingMenuWithStackUITests */,
				B4ACC0AB29F139D800013A95 /* Products */,
			);
			sourceTree = "<group>";
		};
		B4ACC0AB29F139D800013A95 /* Products */ = {
			isa = PBXGroup;
			children = (
				B4ACC0AA29F139D800013A95 /* FloatingMenuWithStack.app */,
				B4ACC0C029F139D900013A95 /* FloatingMenuWithStackTests.xctest */,
				B4ACC0CA29F139D900013A95 /* FloatingMenuWithStackUITests.xctest */,
			);
			name = Products;
			sourceTree = "<group>";
		};
		B4ACC0AC29F139D800013A95 /* FloatingMenuWithStack */ = {
			isa = PBXGroup;
			children = (
				B4ACC0DD29F139E200013A95 /* Helper Classes */,
				B4ACC0AD29F139D800013A95 /* AppDelegate.swift */,
				B4ACC0AF29F139D800013A95 /* SceneDelegate.swift */,
				B4ACC0B129F139D800013A95 /* ViewController.swift */,
				B4ACC0B329F139D800013A95 /* Main.storyboard */,
				B4ACC0B629F139D900013A95 /* Assets.xcassets */,
				B4ACC0B829F139D900013A95 /* LaunchScreen.storyboard */,
				B4ACC0BB29F139D900013A95 /* Info.plist */,
			);
			path = FloatingMenuWithStack;
			sourceTree = "<group>";
		};
		B4ACC0C329F139D900013A95 /* FloatingMenuWithStackTests */ = {
			isa = PBXGroup;
			children = (
				B4ACC0C429F139D900013A95 /* FloatingMenuWithStackTests.swift */,
			);
			path = FloatingMenuWithStackTests;
			sourceTree = "<group>";
		};
		B4ACC0CD29F139D900013A95 /* FloatingMenuWithStackUITests */ = {
			isa = PBXGroup;
			children = (
				B4ACC0CE29F139D900013A95 /* FloatingMenuWithStackUITests.swift */,
				B4ACC0D029F139D900013A95 /* FloatingMenuWithStackUITestsLaunchTests.swift */,
			);
			path = FloatingMenuWithStackUITests;
			sourceTree = "<group>";
		};
		B4ACC0DD29F139E200013A95 /* Helper Classes */ = {
			isa = PBXGroup;
			children = (
				B4ACC0E229F13A0800013A95 /* FABButton.swift */,
				B4ACC0E129F13A0800013A95 /* FABInsetLabel.swift */,
				B4ACC0E329F13A0800013A95 /* FABMainButton.swift */,
				B4ACC0DF29F13A0800013A95 /* FABSecondaryButton.swift */,
				B4ACC0E029F13A0800013A95 /* FABStackView.swift */,
				B4ACC0DE29F13A0800013A95 /* FABView.swift */,
			);
			path = "Helper Classes";
			sourceTree = "<group>";
		};
/* End PBXGroup section */

/* Begin PBXNativeTarget section */
		B4ACC0A929F139D800013A95 /* FloatingMenuWithStack */ = {
			isa = PBXNativeTarget;
			buildConfigurationList = B4ACC0D429F139D900013A95 /* Build configuration list for PBXNativeTarget "FloatingMenuWithStack" */;
			buildPhases = (
				B4ACC0A629F139D800013A95 /* Sources */,
				B4ACC0A729F139D800013A95 /* Frameworks */,
				B4ACC0A829F139D800013A95 /* Resources */,
			);
			buildRules = (
			);
			dependencies = (
			);
			name = FloatingMenuWithStack;
			productName = FloatingMenuWithStack;
			productReference = B4ACC0AA29F139D800013A95 /* FloatingMenuWithStack.app */;
			productType = "com.apple.product-type.application";
		};
		B4ACC0BF29F139D900013A95 /* FloatingMenuWithStackTests */ = {
			isa = PBXNativeTarget;
			buildConfigurationList = B4ACC0D729F139D900013A95 /* Build configuration list for PBXNativeTarget "FloatingMenuWithStackTests" */;
			buildPhases = (
				B4ACC0BC29F139D900013A95 /* Sources */,
				B4ACC0BD29F139D900013A95 /* Frameworks */,
				B4ACC0BE29F139D900013A95 /* Resources */,
			);
			buildRules = (
			);
			dependencies = (
				B4ACC0C229F139D900013A95 /* PBXTargetDependency */,
			);
			name = FloatingMenuWithStackTests;
			productName = FloatingMenuWithStackTests;
			productReference = B4ACC0C029F139D900013A95 /* FloatingMenuWithStackTests.xctest */;
			productType = "com.apple.product-type.bundle.unit-test";
		};
		B4ACC0C929F139D900013A95 /* FloatingMenuWithStackUITests */ = {
			isa = PBXNativeTarget;
			buildConfigurationList = B4ACC0DA29F139D900013A95 /* Build configuration list for PBXNativeTarget "FloatingMenuWithStackUITests" */;
			buildPhases = (
				B4ACC0C629F139D900013A95 /* Sources */,
				B4ACC0C729F139D900013A95 /* Frameworks */,
				B4ACC0C829F139D900013A95 /* Resources */,
			);
			buildRules = (
			);
			dependencies = (
				B4ACC0CC29F139D900013A95 /* PBXTargetDependency */,
			);
			name = FloatingMenuWithStackUITests;
			productName = FloatingMenuWithStackUITests;
			productReference = B4ACC0CA29F139D900013A95 /* FloatingMenuWithStackUITests.xctest */;
			productType = "com.apple.product-type.bundle.ui-testing";
		};
/* End PBXNativeTarget section */

/* Begin PBXProject section */
		B4ACC0A229F139D800013A95 /* Project object */ = {
			isa = PBXProject;
			attributes = {
				BuildIndependentTargetsInParallel = 1;
				LastSwiftUpdateCheck = 1420;
				LastUpgradeCheck = 1420;
				TargetAttributes = {
					B4ACC0A929F139D800013A95 = {
						CreatedOnToolsVersion = 14.2;
					};
					B4ACC0BF29F139D900013A95 = {
						CreatedOnToolsVersion = 14.2;
						TestTargetID = B4ACC0A929F139D800013A95;
					};
					B4ACC0C929F139D900013A95 = {
						CreatedOnToolsVersion = 14.2;
						TestTargetID = B4ACC0A929F139D800013A95;
					};
				};
			};
			buildConfigurationList = B4ACC0A529F139D800013A95 /* Build configuration list for PBXProject "FloatingMenuWithStack" */;
			compatibilityVersion = "Xcode 14.0";
			developmentRegion = en;
			hasScannedForEncodings = 0;
			knownRegions = (
				en,
				Base,
			);
			mainGroup = B4ACC0A129F139D800013A95;
			productRefGroup = B4ACC0AB29F139D800013A95 /* Products */;
			projectDirPath = "";
			projectRoot = "";
			targets = (
				B4ACC0A929F139D800013A95 /* FloatingMenuWithStack */,
				B4ACC0BF29F139D900013A95 /* FloatingMenuWithStackTests */,
				B4ACC0C929F139D900013A95 /* FloatingMenuWithStackUITests */,
			);
		};
/* End PBXProject section */

/* Begin PBXResourcesBuildPhase section */
		B4ACC0A829F139D800013A95 /* Resources */ = {
			isa = PBXResourcesBuildPhase;
			buildActionMask = 2147483647;
			files = (
				B4ACC0BA29F139D900013A95 /* LaunchScreen.storyboard in Resources */,
				B4ACC0B729F139D900013A95 /* Assets.xcassets in Resources */,
				B4ACC0B529F139D800013A95 /* Main.storyboard in Resources */,
			);
			runOnlyForDeploymentPostprocessing = 0;
		};
		B4ACC0BE29F139D900013A95 /* Resources */ = {
			isa = PBXResourcesBuildPhase;
			buildActionMask = 2147483647;
			files = (
			);
			runOnlyForDeploymentPostprocessing = 0;
		};
		B4ACC0C829F139D900013A95 /* Resources */ = {
			isa = PBXResourcesBuildPhase;
			buildActionMask = 2147483647;
			files = (
			);
			runOnlyForDeploymentPostprocessing = 0;
		};
/* End PBXResourcesBuildPhase section */

/* Begin PBXSourcesBuildPhase section */
		B4ACC0A629F139D800013A95 /* Sources */ = {
			isa = PBXSourcesBuildPhase;
			buildActionMask = 2147483647;
			files = (
				B4ACC0E729F13A0900013A95 /* FABInsetLabel.swift in Sources */,
				B4ACC0E929F13A0900013A95 /* FABMainButton.swift in Sources */,
				B4ACC0E429F13A0900013A95 /* FABView.swift in Sources */,
				B4ACC0E529F13A0900013A95 /* FABSecondaryButton.swift in Sources */,
				B4ACC0B229F139D800013A95 /* ViewController.swift in Sources */,
				B4ACC0E629F13A0900013A95 /* FABStackView.swift in Sources */,
				B4ACC0AE29F139D800013A95 /* AppDelegate.swift in Sources */,
				B4ACC0B029F139D800013A95 /* SceneDelegate.swift in Sources */,
				B4ACC0E829F13A0900013A95 /* FABButton.swift in Sources */,
			);
			runOnlyForDeploymentPostprocessing = 0;
		};
		B4ACC0BC29F139D900013A95 /* Sources */ = {
			isa = PBXSourcesBuildPhase;
			buildActionMask = 2147483647;
			files = (
				B4ACC0C529F139D900013A95 /* FloatingMenuWithStackTests.swift in Sources */,
			);
			runOnlyForDeploymentPostprocessing = 0;
		};
		B4ACC0C629F139D900013A95 /* Sources */ = {
			isa = PBXSourcesBuildPhase;
			buildActionMask = 2147483647;
			files = (
				B4ACC0D129F139D900013A95 /* FloatingMenuWithStackUITestsLaunchTests.swift in Sources */,
				B4ACC0CF29F139D900013A95 /* FloatingMenuWithStackUITests.swift in Sources */,
			);
			runOnlyForDeploymentPostprocessing = 0;
		};
/* End PBXSourcesBuildPhase section */

/* Begin PBXTargetDependency section */
		B4ACC0C229F139D900013A95 /* PBXTargetDependency */ = {
			isa = PBXTargetDependency;
			target = B4ACC0A929F139D800013A95 /* FloatingMenuWithStack */;
			targetProxy = B4ACC0C129F139D900013A95 /* PBXContainerItemProxy */;
		};
		B4ACC0CC29F139D900013A95 /* PBXTargetDependency */ = {
			isa = PBXTargetDependency;
			target = B4ACC0A929F139D800013A95 /* FloatingMenuWithStack */;
			targetProxy = B4ACC0CB29F139D900013A95 /* PBXContainerItemProxy */;
		};
/* End PBXTargetDependency section */

/* Begin PBXVariantGroup section */
		B4ACC0B329F139D800013A95 /* Main.storyboard */ = {
			isa = PBXVariantGroup;
			children = (
				B4ACC0B429F139D800013A95 /* Base */,
			);
			name = Main.storyboard;
			sourceTree = "<group>";
		};
		B4ACC0B829F139D900013A95 /* LaunchScreen.storyboard */ = {
			isa = PBXVariantGroup;
			children = (
				B4ACC0B929F139D900013A95 /* Base */,
			);
			name = LaunchScreen.storyboard;
			sourceTree = "<group>";
		};
/* End PBXVariantGroup section */

/* Begin XCBuildConfiguration section */
		B4ACC0D229F139D900013A95 /* Debug */ = {
			isa = XCBuildConfiguration;
			buildSettings = {
				ALWAYS_SEARCH_USER_PATHS = NO;
				CLANG_ANALYZER_NONNULL = YES;
				CLANG_ANALYZER_NUMBER_OBJECT_CONVERSION = YES_AGGRESSIVE;
				CLANG_CXX_LANGUAGE_STANDARD = "gnu++20";
				CLANG_ENABLE_MODULES = YES;
				CLANG_ENABLE_OBJC_ARC = YES;
				CLANG_ENABLE_OBJC_WEAK = YES;
				CLANG_WARN_BLOCK_CAPTURE_AUTORELEASING = YES;
				CLANG_WARN_BOOL_CONVERSION = YES;
				CLANG_WARN_COMMA = YES;
				CLANG_WARN_CONSTANT_CONVERSION = YES;
				CLANG_WARN_DEPRECATED_OBJC_IMPLEMENTATIONS = YES;
				CLANG_WARN_DIRECT_OBJC_ISA_USAGE = YES_ERROR;
				CLANG_WARN_DOCUMENTATION_COMMENTS = YES;
				CLANG_WARN_EMPTY_BODY = YES;
				CLANG_WARN_ENUM_CONVERSION = YES;
				CLANG_WARN_INFINITE_RECURSION = YES;
				CLANG_WARN_INT_CONVERSION = YES;
				CLANG_WARN_NON_LITERAL_NULL_CONVERSION = YES;
				CLANG_WARN_OBJC_IMPLICIT_RETAIN_SELF = YES;
				CLANG_WARN_OBJC_LITERAL_CONVERSION = YES;
				CLANG_WARN_OBJC_ROOT_CLASS = YES_ERROR;
				CLANG_WARN_QUOTED_INCLUDE_IN_FRAMEWORK_HEADER = YES;
				CLANG_WARN_RANGE_LOOP_ANALYSIS = YES;
				CLANG_WARN_STRICT_PROTOTYPES = YES;
				CLANG_WARN_SUSPICIOUS_MOVE = YES;
				CLANG_WARN_UNGUARDED_AVAILABILITY = YES_AGGRESSIVE;
				CLANG_WARN_UNREACHABLE_CODE = YES;
				CLANG_WARN__DUPLICATE_METHOD_MATCH = YES;
				COPY_PHASE_STRIP = NO;
				DEBUG_INFORMATION_FORMAT = dwarf;
				ENABLE_STRICT_OBJC_MSGSEND = YES;
				ENABLE_TESTABILITY = YES;
				GCC_C_LANGUAGE_STANDARD = gnu11;
				GCC_DYNAMIC_NO_PIC = NO;
				GCC_NO_COMMON_BLOCKS = YES;
				GCC_OPTIMIZATION_LEVEL = 0;
				GCC_PREPROCESSOR_DEFINITIONS = (
					"DEBUG=1",
					"$(inherited)",
				);
				GCC_WARN_64_TO_32_BIT_CONVERSION = YES;
				GCC_WARN_ABOUT_RETURN_TYPE = YES_ERROR;
				GCC_WARN_UNDECLARED_SELECTOR = YES;
				GCC_WARN_UNINITIALIZED_AUTOS = YES_AGGRESSIVE;
				GCC_WARN_UNUSED_FUNCTION = YES;
				GCC_WARN_UNUSED_VARIABLE = YES;
				IPHONEOS_DEPLOYMENT_TARGET = 16.2;
				MTL_ENABLE_DEBUG_INFO = INCLUDE_SOURCE;
				MTL_FAST_MATH = YES;
				ONLY_ACTIVE_ARCH = YES;
				SDKROOT = iphoneos;
				SWIFT_ACTIVE_COMPILATION_CONDITIONS = DEBUG;
				SWIFT_OPTIMIZATION_LEVEL = "-Onone";
			};
			name = Debug;
		};
		B4ACC0D329F139D900013A95 /* Release */ = {
			isa = XCBuildConfiguration;
			buildSettings = {
				ALWAYS_SEARCH_USER_PATHS = NO;
				CLANG_ANALYZER_NONNULL = YES;
				CLANG_ANALYZER_NUMBER_OBJECT_CONVERSION = YES_AGGRESSIVE;
				CLANG_CXX_LANGUAGE_STANDARD = "gnu++20";
				CLANG_ENABLE_MODULES = YES;
				CLANG_ENABLE_OBJC_ARC = YES;
				CLANG_ENABLE_OBJC_WEAK = YES;
				CLANG_WARN_BLOCK_CAPTURE_AUTORELEASING = YES;
				CLANG_WARN_BOOL_CONVERSION = YES;
				CLANG_WARN_COMMA = YES;
				CLANG_WARN_CONSTANT_CONVERSION = YES;
				CLANG_WARN_DEPRECATED_OBJC_IMPLEMENTATIONS = YES;
				CLANG_WARN_DIRECT_OBJC_ISA_USAGE = YES_ERROR;
				CLANG_WARN_DOCUMENTATION_COMMENTS = YES;
				CLANG_WARN_EMPTY_BODY = YES;
				CLANG_WARN_ENUM_CONVERSION = YES;
				CLANG_WARN_INFINITE_RECURSION = YES;
				CLANG_WARN_INT_CONVERSION = YES;
				CLANG_WARN_NON_LITERAL_NULL_CONVERSION = YES;
				CLANG_WARN_OBJC_IMPLICIT_RETAIN_SELF = YES;
				CLANG_WARN_OBJC_LITERAL_CONVERSION = YES;
				CLANG_WARN_OBJC_ROOT_CLASS = YES_ERROR;
				CLANG_WARN_QUOTED_INCLUDE_IN_FRAMEWORK_HEADER = YES;
				CLANG_WARN_RANGE_LOOP_ANALYSIS = YES;
				CLANG_WARN_STRICT_PROTOTYPES = YES;
				CLANG_WARN_SUSPICIOUS_MOVE = YES;
				CLANG_WARN_UNGUARDED_AVAILABILITY = YES_AGGRESSIVE;
				CLANG_WARN_UNREACHABLE_CODE = YES;
				CLANG_WARN__DUPLICATE_METHOD_MATCH = YES;
				COPY_PHASE_STRIP = NO;
				DEBUG_INFORMATION_FORMAT = "dwarf-with-dsym";
				ENABLE_NS_ASSERTIONS = NO;
				ENABLE_STRICT_OBJC_MSGSEND = YES;
				GCC_C_LANGUAGE_STANDARD = gnu11;
				GCC_NO_COMMON_BLOCKS = YES;
				GCC_WARN_64_TO_32_BIT_CONVERSION = YES;
				GCC_WARN_ABOUT_RETURN_TYPE = YES_ERROR;
				GCC_WARN_UNDECLARED_SELECTOR = YES;
				GCC_WARN_UNINITIALIZED_AUTOS = YES_AGGRESSIVE;
				GCC_WARN_UNUSED_FUNCTION = YES;
				GCC_WARN_UNUSED_VARIABLE = YES;
				IPHONEOS_DEPLOYMENT_TARGET = 16.2;
				MTL_ENABLE_DEBUG_INFO = NO;
				MTL_FAST_MATH = YES;
				SDKROOT = iphoneos;
				SWIFT_COMPILATION_MODE = wholemodule;
				SWIFT_OPTIMIZATION_LEVEL = "-O";
				VALIDATE_PRODUCT = YES;
			};
			name = Release;
		};
		B4ACC0D529F139D900013A95 /* Debug */ = {
			isa = XCBuildConfiguration;
			buildSettings = {
				ASSETCATALOG_COMPILER_APPICON_NAME = AppIcon;
				ASSETCATALOG_COMPILER_GLOBAL_ACCENT_COLOR_NAME = AccentColor;
				CODE_SIGN_STYLE = Automatic;
				CURRENT_PROJECT_VERSION = 1;
				GENERATE_INFOPLIST_FILE = YES;
				INFOPLIST_FILE = FloatingMenuWithStack/Info.plist;
				INFOPLIST_KEY_UIApplicationSupportsIndirectInputEvents = YES;
				INFOPLIST_KEY_UILaunchStoryboardName = LaunchScreen;
				INFOPLIST_KEY_UIMainStoryboardFile = Main;
				INFOPLIST_KEY_UISupportedInterfaceOrientations_iPad = "UIInterfaceOrientationPortrait UIInterfaceOrientationPortraitUpsideDown UIInterfaceOrientationLandscapeLeft UIInterfaceOrientationLandscapeRight";
				INFOPLIST_KEY_UISupportedInterfaceOrientations_iPhone = "UIInterfaceOrientationPortrait UIInterfaceOrientationLandscapeLeft UIInterfaceOrientationLandscapeRight";
				LD_RUNPATH_SEARCH_PATHS = (
					"$(inherited)",
					"@executable_path/Frameworks",
				);
				MARKETING_VERSION = 1.0;
				PRODUCT_BUNDLE_IDENTIFIER = com.raj.FloatingMenuWithStack;
				PRODUCT_NAME = "$(TARGET_NAME)";
				SWIFT_EMIT_LOC_STRINGS = YES;
				SWIFT_VERSION = 5.0;
				TARGETED_DEVICE_FAMILY = "1,2";
			};
			name = Debug;
		};
		B4ACC0D629F139D900013A95 /* Release */ = {
			isa = XCBuildConfiguration;
			buildSettings = {
				ASSETCATALOG_COMPILER_APPICON_NAME = AppIcon;
				ASSETCATALOG_COMPILER_GLOBAL_ACCENT_COLOR_NAME = AccentColor;
				CODE_SIGN_STYLE = Automatic;
				CURRENT_PROJECT_VERSION = 1;
				GENERATE_INFOPLIST_FILE = YES;
				INFOPLIST_FILE = FloatingMenuWithStack/Info.plist;
				INFOPLIST_KEY_UIApplicationSupportsIndirectInputEvents = YES;
				INFOPLIST_KEY_UILaunchStoryboardName = LaunchScreen;
				INFOPLIST_KEY_UIMainStoryboardFile = Main;
				INFOPLIST_KEY_UISupportedInterfaceOrientations_iPad = "UIInterfaceOrientationPortrait UIInterfaceOrientationPortraitUpsideDown UIInterfaceOrientationLandscapeLeft UIInterfaceOrientationLandscapeRight";
				INFOPLIST_KEY_UISupportedInterfaceOrientations_iPhone = "UIInterfaceOrientationPortrait UIInterfaceOrientationLandscapeLeft UIInterfaceOrientationLandscapeRight";
				LD_RUNPATH_SEARCH_PATHS = (
					"$(inherited)",
					"@executable_path/Frameworks",
				);
				MARKETING_VERSION = 1.0;
				PRODUCT_BUNDLE_IDENTIFIER = com.raj.FloatingMenuWithStack;
				PRODUCT_NAME = "$(TARGET_NAME)";
				SWIFT_EMIT_LOC_STRINGS = YES;
				SWIFT_VERSION = 5.0;
				TARGETED_DEVICE_FAMILY = "1,2";
			};
			name = Release;
		};
		B4ACC0D829F139D900013A95 /* Debug */ = {
			isa = XCBuildConfiguration;
			buildSettings = {
				ALWAYS_EMBED_SWIFT_STANDARD_LIBRARIES = YES;
				BUNDLE_LOADER = "$(TEST_HOST)";
				CODE_SIGN_STYLE = Automatic;
				CURRENT_PROJECT_VERSION = 1;
				GENERATE_INFOPLIST_FILE = YES;
				IPHONEOS_DEPLOYMENT_TARGET = 16.2;
				MARKETING_VERSION = 1.0;
				PRODUCT_BUNDLE_IDENTIFIER = com.raj.FloatingMenuWithStackTests;
				PRODUCT_NAME = "$(TARGET_NAME)";
				SWIFT_EMIT_LOC_STRINGS = NO;
				SWIFT_VERSION = 5.0;
				TARGETED_DEVICE_FAMILY = "1,2";
				TEST_HOST = "$(BUILT_PRODUCTS_DIR)/FloatingMenuWithStack.app/$(BUNDLE_EXECUTABLE_FOLDER_PATH)/FloatingMenuWithStack";
			};
			name = Debug;
		};
		B4ACC0D929F139D900013A95 /* Release */ = {
			isa = XCBuildConfiguration;
			buildSettings = {
				ALWAYS_EMBED_SWIFT_STANDARD_LIBRARIES = YES;
				BUNDLE_LOADER = "$(TEST_HOST)";
				CODE_SIGN_STYLE = Automatic;
				CURRENT_PROJECT_VERSION = 1;
				GENERATE_INFOPLIST_FILE = YES;
				IPHONEOS_DEPLOYMENT_TARGET = 16.2;
				MARKETING_VERSION = 1.0;
				PRODUCT_BUNDLE_IDENTIFIER = com.raj.FloatingMenuWithStackTests;
				PRODUCT_NAME = "$(TARGET_NAME)";
				SWIFT_EMIT_LOC_STRINGS = NO;
				SWIFT_VERSION = 5.0;
				TARGETED_DEVICE_FAMILY = "1,2";
				TEST_HOST = "$(BUILT_PRODUCTS_DIR)/FloatingMenuWithStack.app/$(BUNDLE_EXECUTABLE_FOLDER_PATH)/FloatingMenuWithStack";
			};
			name = Release;
		};
		B4ACC0DB29F139D900013A95 /* Debug */ = {
			isa = XCBuildConfiguration;
			buildSettings = {
				ALWAYS_EMBED_SWIFT_STANDARD_LIBRARIES = YES;
				CODE_SIGN_STYLE = Automatic;
				CURRENT_PROJECT_VERSION = 1;
				GENERATE_INFOPLIST_FILE = YES;
				MARKETING_VERSION = 1.0;
				PRODUCT_BUNDLE_IDENTIFIER = com.raj.FloatingMenuWithStackUITests;
				PRODUCT_NAME = "$(TARGET_NAME)";
				SWIFT_EMIT_LOC_STRINGS = NO;
				SWIFT_VERSION = 5.0;
				TARGETED_DEVICE_FAMILY = "1,2";
				TEST_TARGET_NAME = FloatingMenuWithStack;
			};
			name = Debug;
		};
		B4ACC0DC29F139D900013A95 /* Release */ = {
			isa = XCBuildConfiguration;
			buildSettings = {
				ALWAYS_EMBED_SWIFT_STANDARD_LIBRARIES = YES;
				CODE_SIGN_STYLE = Automatic;
				CURRENT_PROJECT_VERSION = 1;
				GENERATE_INFOPLIST_FILE = YES;
				MARKETING_VERSION = 1.0;
				PRODUCT_BUNDLE_IDENTIFIER = com.raj.FloatingMenuWithStackUITests;
				PRODUCT_NAME = "$(TARGET_NAME)";
				SWIFT_EMIT_LOC_STRINGS = NO;
				SWIFT_VERSION = 5.0;
				TARGETED_DEVICE_FAMILY = "1,2";
				TEST_TARGET_NAME = FloatingMenuWithStack;
			};
			name = Release;
		};
/* End XCBuildConfiguration section */

/* Begin XCConfigurationList section */
		B4ACC0A529F139D800013A95 /* Build configuration list for PBXProject "FloatingMenuWithStack" */ = {
			isa = XCConfigurationList;
			buildConfigurations = (
				B4ACC0D229F139D900013A95 /* Debug */,
				B4ACC0D329F139D900013A95 /* Release */,
			);
			defaultConfigurationIsVisible = 0;
			defaultConfigurationName = Release;
		};
		B4ACC0D429F139D900013A95 /* Build configuration list for PBXNativeTarget "FloatingMenuWithStack" */ = {
			isa = XCConfigurationList;
			buildConfigurations = (
				B4ACC0D529F139D900013A95 /* Debug */,
				B4ACC0D629F139D900013A95 /* Release */,
			);
			defaultConfigurationIsVisible = 0;
			defaultConfigurationName = Release;
		};
		B4ACC0D729F139D900013A95 /* Build configuration list for PBXNativeTarget "FloatingMenuWithStackTests" */ = {
			isa = XCConfigurationList;
			buildConfigurations = (
				B4ACC0D829F139D900013A95 /* Debug */,
				B4ACC0D929F139D900013A95 /* Release */,
			);
			defaultConfigurationIsVisible = 0;
			defaultConfigurationName = Release;
		};
		B4ACC0DA29F139D900013A95 /* Build configuration list for PBXNativeTarget "FloatingMenuWithStackUITests" */ = {
			isa = XCConfigurationList;
			buildConfigurations = (
				B4ACC0DB29F139D900013A95 /* Debug */,
				B4ACC0DC29F139D900013A95 /* Release */,
			);
			defaultConfigurationIsVisible = 0;
			defaultConfigurationName = Release;
		};
/* End XCConfigurationList section */
	};
	rootObject = B4ACC0A229F139D800013A95 /* Project object */;
}
